<?xml version="1.0" encoding="utf-8"?>
<Project ToolsVersion="4.0" xmlns="http://schemas.microsoft.com/developer/msbuild/2003">
  <ItemGroup>
    <ClInclude Include="src\Definition.h" />
    <ClInclude Include="src\Component\Animator.h">
      <Filter>Component</Filter>
    </ClInclude>
    <ClInclude Include="src\GameObject\GameObject.h">
      <Filter>GameObject</Filter>
    </ClInclude>
    <ClInclude Include="src\GameObject\Character\Character.h">
      <Filter>GameObject\Character</Filter>
    </ClInclude>
    <ClInclude Include="src\GameObject\Character\Player\Player.h">
      <Filter>GameObject\Character\Player</Filter>
    </ClInclude>
    <ClInclude Include="src\Manager\SceneManager.h">
      <Filter>Manager</Filter>
    </ClInclude>
    <ClInclude Include="src\Scene\BaseScene.h">
      <Filter>Scene</Filter>
    </ClInclude>
    <ClInclude Include="src\Scene\GameScene.h">
      <Filter>Scene</Filter>
    </ClInclude>
    <ClInclude Include="src\GameObject\Camera\Camera.h">
      <Filter>GameObject\Camera</Filter>
    </ClInclude>
    <ClInclude Include="src\Manager\InputManager.h">
      <Filter>Manager</Filter>
    </ClInclude>
    <ClInclude Include="src\GameObject\Stage\Stage.h">
      <Filter>GameObject\Stage</Filter>
    </ClInclude>
    <ClInclude Include="src\Component\DebugDisplay.h">
      <Filter>Component</Filter>
    </ClInclude>
    <ClInclude Include="src\GameObject\Weapon\Weapon.h" />
    <ClInclude Include="src\Scene\TitleScene.h">
      <Filter>Scene</Filter>
    </ClInclude>
    <ClInclude Include="src\GameObject\Character\Enemy\Goblin\Goblin.h">
      <Filter>GameObject\Character\Enemy\Goblin</Filter>
    </ClInclude>
  </ItemGroup>
  <ItemGroup>
    <ClCompile Include="src\main.cpp" />
    <ClCompile Include="src\Component\Animator.cpp">
      <Filter>Component</Filter>
    </ClCompile>
    <ClCompile Include="src\GameObject\GameObject.cpp">
      <Filter>GameObject</Filter>
    </ClCompile>
    <ClCompile Include="src\GameObject\Character\Character.cpp">
      <Filter>GameObject\Character</Filter>
    </ClCompile>
    <ClCompile Include="src\GameObject\Character\Player\Player.cpp">
      <Filter>GameObject\Character\Player</Filter>
    </ClCompile>
    <ClCompile Include="src\Manager\SceneManager.cpp">
      <Filter>Manager</Filter>
    </ClCompile>
    <ClCompile Include="src\Scene\GameScene.cpp">
      <Filter>Scene</Filter>
    </ClCompile>
    <ClCompile Include="src\GameObject\Camera\Camera.cpp">
      <Filter>GameObject\Camera</Filter>
    </ClCompile>
    <ClCompile Include="src\Manager\InputManager.cpp">
      <Filter>Manager</Filter>
    </ClCompile>
    <ClCompile Include="src\GameObject\Stage\Stage.cpp">
      <Filter>GameObject\Stage</Filter>
    </ClCompile>
    <ClCompile Include="src\Component\DebugDisplay.cpp">
      <Filter>Component</Filter>
    </ClCompile>
    <ClCompile Include="src\GameObject\Weapon\Weapon.cpp" />
    <ClCompile Include="src\Scene\TitleScene.cpp">
      <Filter>Scene</Filter>
    </ClCompile>
    <ClCompile Include="src\GameObject\Character\Enemy\Goblin\Goblin.cpp">
      <Filter>GameObject\Character\Enemy\Goblin</Filter>
    </ClCompile>
  </ItemGroup>
  <ItemGroup>
    <Filter Include="Component">
      <UniqueIdentifier>{664b8d56-afb1-466b-ab44-91bffc42f748}</UniqueIdentifier>
    </Filter>
    <Filter Include="GameObject">
      <UniqueIdentifier>{f3b98d9d-4646-4ea8-b04a-de9d846ec527}</UniqueIdentifier>
    </Filter>
    <Filter Include="Manager">
      <UniqueIdentifier>{53d8c2c7-ae58-4b28-8414-0b1dd361bfc4}</UniqueIdentifier>
    </Filter>
    <Filter Include="Scene">
      <UniqueIdentifier>{739b23b4-1e6e-43f0-87d0-7b2d56a35ff5}</UniqueIdentifier>
    </Filter>
    <Filter Include="GameObject\Camera">
      <UniqueIdentifier>{b2950e4e-6f3e-4f24-83b2-c0ae19f57d23}</UniqueIdentifier>
    </Filter>
    <Filter Include="GameObject\Stage">
      <UniqueIdentifier>{de956cf0-16b3-4eb1-a6c8-d94ea7e6f418}</UniqueIdentifier>
    </Filter>
    <Filter Include="GameObject\Character">
      <UniqueIdentifier>{3993e14a-a6b6-4649-bc0e-72082d818314}</UniqueIdentifier>
    </Filter>
    <Filter Include="GameObject\Character\Player">
      <UniqueIdentifier>{ab1edba7-bff6-4146-8958-16676b891224}</UniqueIdentifier>
    </Filter>
    <Filter Include="GameObject\Character\Weapon">
      <UniqueIdentifier>{57038812-27c5-4721-bbd4-d94eefac7c3e}</UniqueIdentifier>
    </Filter>
    <Filter Include="GameObject\Character\Enemy">
      <UniqueIdentifier>{84085896-0644-4b15-a927-7b0bbe864dbb}</UniqueIdentifier>
    </Filter>
    <Filter Include="GameObject\Character\Enemy\Goblin">
      <UniqueIdentifier>{b23d317d-fa89-4191-b317-564a339a20c6}</UniqueIdentifier>
    </Filter>
  </ItemGroup>
</Project>